
Microsoft Visual Studio Solution File, Format Version 11.00
# Visual Studio 2010
Project("{FAE04EC0-301F-11D3-BF4B-00C04F79EFBC}") = "RegexRename", "RegexRename\RegexRename.csproj", "{15887E88-DD7E-4ADE-8512-A907CA8C21AE}"
EndProject
Global
	GlobalSection(SolutionConfigurationPlatforms) = preSolution
		Debug|x86 = Debug|x86
		Release|x86 = Release|x86
	EndGlobalSection
	GlobalSection(ProjectConfigurationPlatforms) = postSolution
		{15887E88-DD7E-4ADE-8512-A907CA8C21AE}.Debug|x86.ActiveCfg = Release|x86
		{15887E88-DD7E-4ADE-8512-A907CA8C21AE}.Debug|x86.Build.0 = Release|x86
		{15887E88-DD7E-4ADE-8512-A907CA8C21AE}.Release|x86.ActiveCfg = Release|x86
		{15887E88-DD7E-4ADE-8512-A907CA8C21AE}.Release|x86.Build.0 = Release|x86
	EndGlobalSection
	GlobalSection(SolutionProperties) = preSolution
		HideSolutionNode = FALSE
	EndGlobalSection
EndGlobal
